
Microsoft Visual Studio Solution File, Format Version 12.00
# Visual Studio Version 17
VisualStudioVersion = 17.7.34031.279
MinimumVisualStudioVersion = 10.0.40219.1
Project("{FAE04EC0-301F-11D3-BF4B-00C04F79EFBC}") = "Demo_SQL", "Demo_SQL.csproj", "{4AC3336F-EA14-4F1A-B9A7-5C3B763A2A4A}"
EndProject
Global
	GlobalSection(SolutionConfigurationPlatforms) = preSolution
		Debug|Any CPU = Debug|Any CPU
		Release|Any CPU = Release|Any CPU
	EndGlobalSection
	GlobalSection(ProjectConfigurationPlatforms) = postSolution
		{4AC3336F-EA14-4F1A-B9A7-5C3B763A2A4A}.Debug|Any CPU.ActiveCfg = Debug|Any CPU
		{4AC3336F-EA14-4F1A-B9A7-5C3B763A2A4A}.Debug|Any CPU.Build.0 = Debug|Any CPU
		{4AC3336F-EA14-4F1A-B9A7-5C3B763A2A4A}.Release|Any CPU.ActiveCfg = Release|Any CPU
		{4AC3336F-EA14-4F1A-B9A7-5C3B763A2A4A}.Release|Any CPU.Build.0 = Release|Any CPU
	EndGlobalSection
	GlobalSection(SolutionProperties) = preSolution
		HideSolutionNode = FALSE
	EndGlobalSection
	GlobalSection(ExtensibilityGlobals) = postSolution
		SolutionGuid = {873DC9CB-5F6C-4A0E-BBDB-5FDB8BDC8C57}
	EndGlobalSection
EndGlobal
